
Microsoft Visual Studio Solution File, Format Version 12.00
# Visual Studio Version 17
VisualStudioVersion = 17.4.33213.308
MinimumVisualStudioVersion = 10.0.40219.1
Project("{FAE04EC0-301F-11D3-BF4B-00C04F79EFBC}") = "Ado1_1", "Ado1_1\Ado1_1.csproj", "{801C4BEE-43AF-45F9-9676-1EF721523C64}"
EndProject
Project("{FAE04EC0-301F-11D3-BF4B-00C04F79EFBC}") = "Ado2_1", "Ado2_1\Ado2_1.csproj", "{CB83D278-7388-4761-8902-CE1C32C8DF91}"
EndProject
Project("{FAE04EC0-301F-11D3-BF4B-00C04F79EFBC}") = "Ado2_2", "Ado2_2\Ado2_2.csproj", "{1882EF4F-4256-49DF-845E-54BBAF0FA0BD}"
EndProject
Project("{FAE04EC0-301F-11D3-BF4B-00C04F79EFBC}") = "Ado3_1", "Ado3_1\Ado3_1.csproj", "{90BC4BB2-F9B6-46D1-B02C-99EE2658FCC7}"
EndProject
Project("{FAE04EC0-301F-11D3-BF4B-00C04F79EFBC}") = "Ado3_2", "Ado3_2\Ado3_2.csproj", "{5F0F41C5-48C9-47FC-9463-D9D83E787B85}"
EndProject
Project("{FAE04EC0-301F-11D3-BF4B-00C04F79EFBC}") = "Ado3_3", "Ado3_3\Ado3_3.csproj", "{D3823F7B-C694-456D-BB01-A32E334DA04D}"
EndProject
Project("{FAE04EC0-301F-11D3-BF4B-00C04F79EFBC}") = "Ado4_1", "Ado4_1\Ado4_1.csproj", "{F380B996-952D-4987-A280-F810CAAC5F67}"
EndProject
Global
	GlobalSection(SolutionConfigurationPlatforms) = preSolution
		Debug|Any CPU = Debug|Any CPU
		Release|Any CPU = Release|Any CPU
	EndGlobalSection
	GlobalSection(ProjectConfigurationPlatforms) = postSolution
		{801C4BEE-43AF-45F9-9676-1EF721523C64}.Debug|Any CPU.ActiveCfg = Debug|Any CPU
		{801C4BEE-43AF-45F9-9676-1EF721523C64}.Debug|Any CPU.Build.0 = Debug|Any CPU
		{801C4BEE-43AF-45F9-9676-1EF721523C64}.Release|Any CPU.ActiveCfg = Release|Any CPU
		{801C4BEE-43AF-45F9-9676-1EF721523C64}.Release|Any CPU.Build.0 = Release|Any CPU
		{CB83D278-7388-4761-8902-CE1C32C8DF91}.Debug|Any CPU.ActiveCfg = Debug|Any CPU
		{CB83D278-7388-4761-8902-CE1C32C8DF91}.Debug|Any CPU.Build.0 = Debug|Any CPU
		{CB83D278-7388-4761-8902-CE1C32C8DF91}.Release|Any CPU.ActiveCfg = Release|Any CPU
		{CB83D278-7388-4761-8902-CE1C32C8DF91}.Release|Any CPU.Build.0 = Release|Any CPU
		{1882EF4F-4256-49DF-845E-54BBAF0FA0BD}.Debug|Any CPU.ActiveCfg = Debug|Any CPU
		{1882EF4F-4256-49DF-845E-54BBAF0FA0BD}.Debug|Any CPU.Build.0 = Debug|Any CPU
		{1882EF4F-4256-49DF-845E-54BBAF0FA0BD}.Release|Any CPU.ActiveCfg = Release|Any CPU
		{1882EF4F-4256-49DF-845E-54BBAF0FA0BD}.Release|Any CPU.Build.0 = Release|Any CPU
		{90BC4BB2-F9B6-46D1-B02C-99EE2658FCC7}.Debug|Any CPU.ActiveCfg = Debug|Any CPU
		{90BC4BB2-F9B6-46D1-B02C-99EE2658FCC7}.Debug|Any CPU.Build.0 = Debug|Any CPU
		{90BC4BB2-F9B6-46D1-B02C-99EE2658FCC7}.Release|Any CPU.ActiveCfg = Release|Any CPU
		{90BC4BB2-F9B6-46D1-B02C-99EE2658FCC7}.Release|Any CPU.Build.0 = Release|Any CPU
		{5F0F41C5-48C9-47FC-9463-D9D83E787B85}.Debug|Any CPU.ActiveCfg = Debug|Any CPU
		{5F0F41C5-48C9-47FC-9463-D9D83E787B85}.Debug|Any CPU.Build.0 = Debug|Any CPU
		{5F0F41C5-48C9-47FC-9463-D9D83E787B85}.Release|Any CPU.ActiveCfg = Release|Any CPU
		{5F0F41C5-48C9-47FC-9463-D9D83E787B85}.Release|Any CPU.Build.0 = Release|Any CPU
		{D3823F7B-C694-456D-BB01-A32E334DA04D}.Debug|Any CPU.ActiveCfg = Debug|Any CPU
		{D3823F7B-C694-456D-BB01-A32E334DA04D}.Debug|Any CPU.Build.0 = Debug|Any CPU
		{D3823F7B-C694-456D-BB01-A32E334DA04D}.Release|Any CPU.ActiveCfg = Release|Any CPU
		{D3823F7B-C694-456D-BB01-A32E334DA04D}.Release|Any CPU.Build.0 = Release|Any CPU
		{F380B996-952D-4987-A280-F810CAAC5F67}.Debug|Any CPU.ActiveCfg = Debug|Any CPU
		{F380B996-952D-4987-A280-F810CAAC5F67}.Debug|Any CPU.Build.0 = Debug|Any CPU
		{F380B996-952D-4987-A280-F810CAAC5F67}.Release|Any CPU.ActiveCfg = Release|Any CPU
		{F380B996-952D-4987-A280-F810CAAC5F67}.Release|Any CPU.Build.0 = Release|Any CPU
	EndGlobalSection
	GlobalSection(SolutionProperties) = preSolution
		HideSolutionNode = FALSE
	EndGlobalSection
	GlobalSection(ExtensibilityGlobals) = postSolution
		SolutionGuid = {317C4939-1E74-4142-9905-4174E7824006}
	EndGlobalSection
EndGlobal
